// !$*UTF8*$!
{
	archiveVersion = 1;
	classes = {
	};
	objectVersion = 50;
	objects = {

/* Begin PBXBuildFile section */
		05206537256018DC00F36744 /* Entity.swift in Sources */ = {isa = PBXBuildFile; fileRef = 05206536256018DC00F36744 /* Entity.swift */; };
		0520653F256019F000F36744 /* UIViewController+MakeController.swift in Sources */ = {isa = PBXBuildFile; fileRef = 0520653E256019F000F36744 /* UIViewController+MakeController.swift */; };
		0520655F25601C1D00F36744 /* ScreenFactory.swift in Sources */ = {isa = PBXBuildFile; fileRef = 0520655E25601C1D00F36744 /* ScreenFactory.swift */; };
		053EF5D7252881CD00EFC561 /* AppDelegate.swift in Sources */ = {isa = PBXBuildFile; fileRef = 053EF5D6252881CD00EFC561 /* AppDelegate.swift */; };
		053EF5DB252881CD00EFC561 /* CarListViewController.swift in Sources */ = {isa = PBXBuildFile; fileRef = 053EF5DA252881CD00EFC561 /* CarListViewController.swift */; };
		053EF5DE252881CD00EFC561 /* Main.storyboard in Resources */ = {isa = PBXBuildFile; fileRef = 053EF5DC252881CD00EFC561 /* Main.storyboard */; };
		053EF5E0252881D000EFC561 /* Assets.xcassets in Resources */ = {isa = PBXBuildFile; fileRef = 053EF5DF252881D000EFC561 /* Assets.xcassets */; };
		053EF5E3252881D000EFC561 /* LaunchScreen.storyboard in Resources */ = {isa = PBXBuildFile; fileRef = 053EF5E1252881D000EFC561 /* LaunchScreen.storyboard */; };
		05632B0A255B33C800D918DD /* MockCarApiClient.swift in Sources */ = {isa = PBXBuildFile; fileRef = 05632B09255B33C800D918DD /* MockCarApiClient.swift */; };
		0569CBF3255B2E65001F9419 /* cars.json in Resources */ = {isa = PBXBuildFile; fileRef = 0569CBF2255B2E65001F9419 /* cars.json */; };
		0569CBF7255B311E001F9419 /* CarListPresenter.swift in Sources */ = {isa = PBXBuildFile; fileRef = 0569CBF6255B311E001F9419 /* CarListPresenter.swift */; };
		0569CBFD255B31A9001F9419 /* CarModel.swift in Sources */ = {isa = PBXBuildFile; fileRef = 0569CBFC255B31A9001F9419 /* CarModel.swift */; };
		056D3FA625605F9200E6EC47 /* UICarModel.swift in Sources */ = {isa = PBXBuildFile; fileRef = 056D3FA525605F9200E6EC47 /* UICarModel.swift */; };
		056F190B25603B77003327B2 /* CarContentTableViewCell.swift in Sources */ = {isa = PBXBuildFile; fileRef = 056F190925603B77003327B2 /* CarContentTableViewCell.swift */; };
		056F190C25603B77003327B2 /* CarContentTableViewCell.xib in Resources */ = {isa = PBXBuildFile; fileRef = 056F190A25603B77003327B2 /* CarContentTableViewCell.xib */; };
		056F191125604572003327B2 /* StringFormatter.swift in Sources */ = {isa = PBXBuildFile; fileRef = 056F191025604572003327B2 /* StringFormatter.swift */; };
		056F191825605E1D003327B2 /* ApiError.swift in Sources */ = {isa = PBXBuildFile; fileRef = 056F191725605E1D003327B2 /* ApiError.swift */; };
		05EE9D88255B391500BFCB33 /* CarViewable.swift in Sources */ = {isa = PBXBuildFile; fileRef = 05EE9D87255B391500BFCB33 /* CarViewable.swift */; };
		05EE9D8C255B391D00BFCB33 /* CarPresentable.swift in Sources */ = {isa = PBXBuildFile; fileRef = 05EE9D8B255B391D00BFCB33 /* CarPresentable.swift */; };
		05EE9D8F255B393400BFCB33 /* CarClientable.swift in Sources */ = {isa = PBXBuildFile; fileRef = 05EE9D8E255B393400BFCB33 /* CarClientable.swift */; };
/* End PBXBuildFile section */

/* Begin PBXFileReference section */
		05206536256018DC00F36744 /* Entity.swift */ = {isa = PBXFileReference; lastKnownFileType = sourcecode.swift; path = Entity.swift; sourceTree = "<group>"; };
		0520653E256019F000F36744 /* UIViewController+MakeController.swift */ = {isa = PBXFileReference; lastKnownFileType = sourcecode.swift; path = "UIViewController+MakeController.swift"; sourceTree = "<group>"; };
		0520655E25601C1D00F36744 /* ScreenFactory.swift */ = {isa = PBXFileReference; lastKnownFileType = sourcecode.swift; path = ScreenFactory.swift; sourceTree = "<group>"; };
		053EF5D3252881CD00EFC561 /* MVP.app */ = {isa = PBXFileReference; explicitFileType = wrapper.application; includeInIndex = 0; path = MVP.app; sourceTree = BUILT_PRODUCTS_DIR; };
		053EF5D6252881CD00EFC561 /* AppDelegate.swift */ = {isa = PBXFileReference; lastKnownFileType = sourcecode.swift; path = AppDelegate.swift; sourceTree = "<group>"; };
		053EF5DA252881CD00EFC561 /* CarListViewController.swift */ = {isa = PBXFileReference; lastKnownFileType = sourcecode.swift; path = CarListViewController.swift; sourceTree = "<group>"; };
		053EF5DD252881CD00EFC561 /* Base */ = {isa = PBXFileReference; lastKnownFileType = file.storyboard; name = Base; path = Base.lproj/Main.storyboard; sourceTree = "<group>"; };
		053EF5DF252881D000EFC561 /* Assets.xcassets */ = {isa = PBXFileReference; lastKnownFileType = folder.assetcatalog; path = Assets.xcassets; sourceTree = "<group>"; };
		053EF5E2252881D000EFC561 /* Base */ = {isa = PBXFileReference; lastKnownFileType = file.storyboard; name = Base; path = Base.lproj/LaunchScreen.storyboard; sourceTree = "<group>"; };
		053EF5E4252881D000EFC561 /* Info.plist */ = {isa = PBXFileReference; lastKnownFileType = text.plist.xml; path = Info.plist; sourceTree = "<group>"; };
		05632B09255B33C800D918DD /* MockCarApiClient.swift */ = {isa = PBXFileReference; lastKnownFileType = sourcecode.swift; path = MockCarApiClient.swift; sourceTree = "<group>"; };
		0569CBF2255B2E65001F9419 /* cars.json */ = {isa = PBXFileReference; fileEncoding = 4; lastKnownFileType = text.json; path = cars.json; sourceTree = "<group>"; };
		0569CBF6255B311E001F9419 /* CarListPresenter.swift */ = {isa = PBXFileReference; lastKnownFileType = sourcecode.swift; path = CarListPresenter.swift; sourceTree = "<group>"; };
		0569CBFC255B31A9001F9419 /* CarModel.swift */ = {isa = PBXFileReference; lastKnownFileType = sourcecode.swift; path = CarModel.swift; sourceTree = "<group>"; };
		056D3FA525605F9200E6EC47 /* UICarModel.swift */ = {isa = PBXFileReference; lastKnownFileType = sourcecode.swift; path = UICarModel.swift; sourceTree = "<group>"; };
		056F190925603B77003327B2 /* CarContentTableViewCell.swift */ = {isa = PBXFileReference; lastKnownFileType = sourcecode.swift; path = CarContentTableViewCell.swift; sourceTree = "<group>"; };
		056F190A25603B77003327B2 /* CarContentTableViewCell.xib */ = {isa = PBXFileReference; lastKnownFileType = file.xib; path = CarContentTableViewCell.xib; sourceTree = "<group>"; };
		056F191025604572003327B2 /* StringFormatter.swift */ = {isa = PBXFileReference; lastKnownFileType = sourcecode.swift; path = StringFormatter.swift; sourceTree = "<group>"; };
		056F191725605E1D003327B2 /* ApiError.swift */ = {isa = PBXFileReference; fileEncoding = 4; lastKnownFileType = sourcecode.swift; path = ApiError.swift; sourceTree = "<group>"; };
		05EE9D87255B391500BFCB33 /* CarViewable.swift */ = {isa = PBXFileReference; lastKnownFileType = sourcecode.swift; path = CarViewable.swift; sourceTree = "<group>"; };
		05EE9D8B255B391D00BFCB33 /* CarPresentable.swift */ = {isa = PBXFileReference; lastKnownFileType = sourcecode.swift; path = CarPresentable.swift; sourceTree = "<group>"; };
		05EE9D8E255B393400BFCB33 /* CarClientable.swift */ = {isa = PBXFileReference; lastKnownFileType = sourcecode.swift; path = CarClientable.swift; sourceTree = "<group>"; };
/* End PBXFileReference section */

/* Begin PBXFrameworksBuildPhase section */
		053EF5D0252881CD00EFC561 /* Frameworks */ = {
			isa = PBXFrameworksBuildPhase;
			buildActionMask = 2147483647;
			files = (
			);
			runOnlyForDeploymentPostprocessing = 0;
		};
/* End PBXFrameworksBuildPhase section */

/* Begin PBXGroup section */
		0514287D256039F300E93B2F /* CarApiClient */ = {
			isa = PBXGroup;
			children = (
				05E343002560306E009E0496 /* Protocols */,
				05632B09255B33C800D918DD /* MockCarApiClient.swift */,
			);
			path = CarApiClient;
			sourceTree = "<group>";
		};
		0520655C25601BF200F36744 /* Common */ = {
			isa = PBXGroup;
			children = (
				05632B07255B338300D918DD /* Model */,
				0520655D25601BFF00F36744 /* Factories */,
				05EE9D7D255B362700BFCB33 /* Extensions */,
			);
			path = Common;
			sourceTree = "<group>";
		};
		0520655D25601BFF00F36744 /* Factories */ = {
			isa = PBXGroup;
			children = (
				0520655E25601C1D00F36744 /* ScreenFactory.swift */,
			);
			path = Factories;
			sourceTree = "<group>";
		};
		053EF5CA252881CD00EFC561 = {
			isa = PBXGroup;
			children = (
				053EF5D5252881CD00EFC561 /* MVP */,
				053EF5D4252881CD00EFC561 /* Products */,
			);
			sourceTree = "<group>";
		};
		053EF5D4252881CD00EFC561 /* Products */ = {
			isa = PBXGroup;
			children = (
				053EF5D3252881CD00EFC561 /* MVP.app */,
			);
			name = Products;
			sourceTree = "<group>";
		};
		053EF5D5252881CD00EFC561 /* MVP */ = {
			isa = PBXGroup;
			children = (
				0569CBDD255B2215001F9419 /* Application */,
				05632B08255B339A00D918DD /* Managers */,
				0569CBE1255B2247001F9419 /* Modules */,
				0520655C25601BF200F36744 /* Common */,
				0569CBE0255B2236001F9419 /* Storyboards */,
				0569CBDF255B2221001F9419 /* Resources */,
			);
			path = MVP;
			sourceTree = "<group>";
		};
		05632B04255B336A00D918DD /* Presenter */ = {
			isa = PBXGroup;
			children = (
				0569CBF6255B311E001F9419 /* CarListPresenter.swift */,
			);
			path = Presenter;
			sourceTree = "<group>";
		};
		05632B05255B337200D918DD /* Controller */ = {
			isa = PBXGroup;
			children = (
				053EF5DA252881CD00EFC561 /* CarListViewController.swift */,
			);
			path = Controller;
			sourceTree = "<group>";
		};
		05632B07255B338300D918DD /* Model */ = {
			isa = PBXGroup;
			children = (
				056F191725605E1D003327B2 /* ApiError.swift */,
				05206536256018DC00F36744 /* Entity.swift */,
				0569CBFC255B31A9001F9419 /* CarModel.swift */,
			);
			path = Model;
			sourceTree = "<group>";
		};
		05632B08255B339A00D918DD /* Managers */ = {
			isa = PBXGroup;
			children = (
				0514287D256039F300E93B2F /* CarApiClient */,
				056F191025604572003327B2 /* StringFormatter.swift */,
			);
			path = Managers;
			sourceTree = "<group>";
		};
		0569CBDD255B2215001F9419 /* Application */ = {
			isa = PBXGroup;
			children = (
				053EF5D6252881CD00EFC561 /* AppDelegate.swift */,
			);
			path = Application;
			sourceTree = "<group>";
		};
		0569CBDF255B2221001F9419 /* Resources */ = {
			isa = PBXGroup;
			children = (
				0569CBF2255B2E65001F9419 /* cars.json */,
				053EF5DF252881D000EFC561 /* Assets.xcassets */,
				053EF5E4252881D000EFC561 /* Info.plist */,
			);
			path = Resources;
			sourceTree = "<group>";
		};
		0569CBE0255B2236001F9419 /* Storyboards */ = {
			isa = PBXGroup;
			children = (
				053EF5DC252881CD00EFC561 /* Main.storyboard */,
				053EF5E1252881D000EFC561 /* LaunchScreen.storyboard */,
			);
			path = Storyboards;
			sourceTree = "<group>";
		};
		0569CBE1255B2247001F9419 /* Modules */ = {
			isa = PBXGroup;
			children = (
				0569CBF5255B310B001F9419 /* CarList */,
			);
			path = Modules;
			sourceTree = "<group>";
		};
		0569CBF5255B310B001F9419 /* CarList */ = {
			isa = PBXGroup;
			children = (
				05EE9D86255B390800BFCB33 /* Protocols */,
				056D3FA425605F8000E6EC47 /* UIModel */,
				056F190425603B34003327B2 /* View */,
				05632B05255B337200D918DD /* Controller */,
				05632B04255B336A00D918DD /* Presenter */,
			);
			path = CarList;
			sourceTree = "<group>";
		};
		056D3FA425605F8000E6EC47 /* UIModel */ = {
			isa = PBXGroup;
			children = (
				056D3FA525605F9200E6EC47 /* UICarModel.swift */,
			);
			path = UIModel;
			sourceTree = "<group>";
		};
		056F190425603B34003327B2 /* View */ = {
			isa = PBXGroup;
			children = (
				056F190925603B77003327B2 /* CarContentTableViewCell.swift */,
				056F190A25603B77003327B2 /* CarContentTableViewCell.xib */,
			);
			path = View;
			sourceTree = "<group>";
		};
		05E343002560306E009E0496 /* Protocols */ = {
			isa = PBXGroup;
			children = (
				05EE9D8E255B393400BFCB33 /* CarClientable.swift */,
			);
			path = Protocols;
			sourceTree = "<group>";
		};
		05EE9D7D255B362700BFCB33 /* Extensions */ = {
			isa = PBXGroup;
			children = (
				0520653E256019F000F36744 /* UIViewController+MakeController.swift */,
			);
			path = Extensions;
			sourceTree = "<group>";
		};
		05EE9D86255B390800BFCB33 /* Protocols */ = {
			isa = PBXGroup;
			children = (
				05EE9D87255B391500BFCB33 /* CarViewable.swift */,
				05EE9D8B255B391D00BFCB33 /* CarPresentable.swift */,
			);
			path = Protocols;
			sourceTree = "<group>";
		};
/* End PBXGroup section */

/* Begin PBXNativeTarget section */
		053EF5D2252881CD00EFC561 /* MVP */ = {
			isa = PBXNativeTarget;
			buildConfigurationList = 053EF5E7252881D000EFC561 /* Build configuration list for PBXNativeTarget "MVP" */;
			buildPhases = (
				053EF5CF252881CD00EFC561 /* Sources */,
				053EF5D0252881CD00EFC561 /* Frameworks */,
				053EF5D1252881CD00EFC561 /* Resources */,
			);
			buildRules = (
			);
			dependencies = (
			);
			name = MVP;
			productName = MVP;
			productReference = 053EF5D3252881CD00EFC561 /* MVP.app */;
			productType = "com.apple.product-type.application";
		};
/* End PBXNativeTarget section */

/* Begin PBXProject section */
		053EF5CB252881CD00EFC561 /* Project object */ = {
			isa = PBXProject;
			attributes = {
				LastSwiftUpdateCheck = 1200;
				LastUpgradeCheck = 1200;
				TargetAttributes = {
					053EF5D2252881CD00EFC561 = {
						CreatedOnToolsVersion = 12.0.1;
					};
				};
			};
			buildConfigurationList = 053EF5CE252881CD00EFC561 /* Build configuration list for PBXProject "MVP" */;
			compatibilityVersion = "Xcode 9.3";
			developmentRegion = en;
			hasScannedForEncodings = 0;
			knownRegions = (
				en,
				Base,
			);
			mainGroup = 053EF5CA252881CD00EFC561;
			productRefGroup = 053EF5D4252881CD00EFC561 /* Products */;
			projectDirPath = "";
			projectRoot = "";
			targets = (
				053EF5D2252881CD00EFC561 /* MVP */,
			);
		};
/* End PBXProject section */

/* Begin PBXResourcesBuildPhase section */
		053EF5D1252881CD00EFC561 /* Resources */ = {
			isa = PBXResourcesBuildPhase;
			buildActionMask = 2147483647;
			files = (
				056F190C25603B77003327B2 /* CarContentTableViewCell.xib in Resources */,
				053EF5E3252881D000EFC561 /* LaunchScreen.storyboard in Resources */,
				053EF5E0252881D000EFC561 /* Assets.xcassets in Resources */,
				0569CBF3255B2E65001F9419 /* cars.json in Resources */,
				053EF5DE252881CD00EFC561 /* Main.storyboard in Resources */,
			);
			runOnlyForDeploymentPostprocessing = 0;
		};
/* End PBXResourcesBuildPhase section */

/* Begin PBXSourcesBuildPhase section */
		053EF5CF252881CD00EFC561 /* Sources */ = {
			isa = PBXSourcesBuildPhase;
			buildActionMask = 2147483647;
			files = (
				0520653F256019F000F36744 /* UIViewController+MakeController.swift in Sources */,
				053EF5DB252881CD00EFC561 /* CarListViewController.swift in Sources */,
				05EE9D8C255B391D00BFCB33 /* CarPresentable.swift in Sources */,
				056D3FA625605F9200E6EC47 /* UICarModel.swift in Sources */,
				05206537256018DC00F36744 /* Entity.swift in Sources */,
				056F191125604572003327B2 /* StringFormatter.swift in Sources */,
				053EF5D7252881CD00EFC561 /* AppDelegate.swift in Sources */,
				05EE9D8F255B393400BFCB33 /* CarClientable.swift in Sources */,
				05EE9D88255B391500BFCB33 /* CarViewable.swift in Sources */,
				056F191825605E1D003327B2 /* ApiError.swift in Sources */,
				05632B0A255B33C800D918DD /* MockCarApiClient.swift in Sources */,
				0569CBFD255B31A9001F9419 /* CarModel.swift in Sources */,
				056F190B25603B77003327B2 /* CarContentTableViewCell.swift in Sources */,
				0520655F25601C1D00F36744 /* ScreenFactory.swift in Sources */,
				0569CBF7255B311E001F9419 /* CarListPresenter.swift in Sources */,
			);
			runOnlyForDeploymentPostprocessing = 0;
		};
/* End PBXSourcesBuildPhase section */

/* Begin PBXVariantGroup section */
		053EF5DC252881CD00EFC561 /* Main.storyboard */ = {
			isa = PBXVariantGroup;
			children = (
				053EF5DD252881CD00EFC561 /* Base */,
			);
			name = Main.storyboard;
			sourceTree = "<group>";
		};
		053EF5E1252881D000EFC561 /* LaunchScreen.storyboard */ = {
			isa = PBXVariantGroup;
			children = (
				053EF5E2252881D000EFC561 /* Base */,
			);
			name = LaunchScreen.storyboard;
			sourceTree = "<group>";
		};
/* End PBXVariantGroup section */

/* Begin XCBuildConfiguration section */
		053EF5E5252881D000EFC561 /* Debug */ = {
			isa = XCBuildConfiguration;
			buildSettings = {
				ALWAYS_SEARCH_USER_PATHS = NO;
				CLANG_ANALYZER_NONNULL = YES;
				CLANG_ANALYZER_NUMBER_OBJECT_CONVERSION = YES_AGGRESSIVE;
				CLANG_CXX_LANGUAGE_STANDARD = "gnu++14";
				CLANG_CXX_LIBRARY = "libc++";
				CLANG_ENABLE_MODULES = YES;
				CLANG_ENABLE_OBJC_ARC = YES;
				CLANG_ENABLE_OBJC_WEAK = YES;
				CLANG_WARN_BLOCK_CAPTURE_AUTORELEASING = YES;
				CLANG_WARN_BOOL_CONVERSION = YES;
				CLANG_WARN_COMMA = YES;
				CLANG_WARN_CONSTANT_CONVERSION = YES;
				CLANG_WARN_DEPRECATED_OBJC_IMPLEMENTATIONS = YES;
				CLANG_WARN_DIRECT_OBJC_ISA_USAGE = YES_ERROR;
				CLANG_WARN_DOCUMENTATION_COMMENTS = YES;
				CLANG_WARN_EMPTY_BODY = YES;
				CLANG_WARN_ENUM_CONVERSION = YES;
				CLANG_WARN_INFINITE_RECURSION = YES;
				CLANG_WARN_INT_CONVERSION = YES;
				CLANG_WARN_NON_LITERAL_NULL_CONVERSION = YES;
				CLANG_WARN_OBJC_IMPLICIT_RETAIN_SELF = YES;
				CLANG_WARN_OBJC_LITERAL_CONVERSION = YES;
				CLANG_WARN_OBJC_ROOT_CLASS = YES_ERROR;
				CLANG_WARN_QUOTED_INCLUDE_IN_FRAMEWORK_HEADER = YES;
				CLANG_WARN_RANGE_LOOP_ANALYSIS = YES;
				CLANG_WARN_STRICT_PROTOTYPES = YES;
				CLANG_WARN_SUSPICIOUS_MOVE = YES;
				CLANG_WARN_UNGUARDED_AVAILABILITY = YES_AGGRESSIVE;
				CLANG_WARN_UNREACHABLE_CODE = YES;
				CLANG_WARN__DUPLICATE_METHOD_MATCH = YES;
				COPY_PHASE_STRIP = NO;
				DEBUG_INFORMATION_FORMAT = dwarf;
				ENABLE_STRICT_OBJC_MSGSEND = YES;
				ENABLE_TESTABILITY = YES;
				GCC_C_LANGUAGE_STANDARD = gnu11;
				GCC_DYNAMIC_NO_PIC = NO;
				GCC_NO_COMMON_BLOCKS = YES;
				GCC_OPTIMIZATION_LEVEL = 0;
				GCC_PREPROCESSOR_DEFINITIONS = (
					"DEBUG=1",
					"$(inherited)",
				);
				GCC_WARN_64_TO_32_BIT_CONVERSION = YES;
				GCC_WARN_ABOUT_RETURN_TYPE = YES_ERROR;
				GCC_WARN_UNDECLARED_SELECTOR = YES;
				GCC_WARN_UNINITIALIZED_AUTOS = YES_AGGRESSIVE;
				GCC_WARN_UNUSED_FUNCTION = YES;
				GCC_WARN_UNUSED_VARIABLE = YES;
				IPHONEOS_DEPLOYMENT_TARGET = 14.0;
				MTL_ENABLE_DEBUG_INFO = INCLUDE_SOURCE;
				MTL_FAST_MATH = YES;
				ONLY_ACTIVE_ARCH = YES;
				SDKROOT = iphoneos;
				SWIFT_ACTIVE_COMPILATION_CONDITIONS = DEBUG;
				SWIFT_OPTIMIZATION_LEVEL = "-Onone";
			};
			name = Debug;
		};
		053EF5E6252881D000EFC561 /* Release */ = {
			isa = XCBuildConfiguration;
			buildSettings = {
				ALWAYS_SEARCH_USER_PATHS = NO;
				CLANG_ANALYZER_NONNULL = YES;
				CLANG_ANALYZER_NUMBER_OBJECT_CONVERSION = YES_AGGRESSIVE;
				CLANG_CXX_LANGUAGE_STANDARD = "gnu++14";
				CLANG_CXX_LIBRARY = "libc++";
				CLANG_ENABLE_MODULES = YES;
				CLANG_ENABLE_OBJC_ARC = YES;
				CLANG_ENABLE_OBJC_WEAK = YES;
				CLANG_WARN_BLOCK_CAPTURE_AUTORELEASING = YES;
				CLANG_WARN_BOOL_CONVERSION = YES;
				CLANG_WARN_COMMA = YES;
				CLANG_WARN_CONSTANT_CONVERSION = YES;
				CLANG_WARN_DEPRECATED_OBJC_IMPLEMENTATIONS = YES;
				CLANG_WARN_DIRECT_OBJC_ISA_USAGE = YES_ERROR;
				CLANG_WARN_DOCUMENTATION_COMMENTS = YES;
				CLANG_WARN_EMPTY_BODY = YES;
				CLANG_WARN_ENUM_CONVERSION = YES;
				CLANG_WARN_INFINITE_RECURSION = YES;
				CLANG_WARN_INT_CONVERSION = YES;
				CLANG_WARN_NON_LITERAL_NULL_CONVERSION = YES;
				CLANG_WARN_OBJC_IMPLICIT_RETAIN_SELF = YES;
				CLANG_WARN_OBJC_LITERAL_CONVERSION = YES;
				CLANG_WARN_OBJC_ROOT_CLASS = YES_ERROR;
				CLANG_WARN_QUOTED_INCLUDE_IN_FRAMEWORK_HEADER = YES;
				CLANG_WARN_RANGE_LOOP_ANALYSIS = YES;
				CLANG_WARN_STRICT_PROTOTYPES = YES;
				CLANG_WARN_SUSPICIOUS_MOVE = YES;
				CLANG_WARN_UNGUARDED_AVAILABILITY = YES_AGGRESSIVE;
				CLANG_WARN_UNREACHABLE_CODE = YES;
				CLANG_WARN__DUPLICATE_METHOD_MATCH = YES;
				COPY_PHASE_STRIP = NO;
				DEBUG_INFORMATION_FORMAT = "dwarf-with-dsym";
				ENABLE_NS_ASSERTIONS = NO;
				ENABLE_STRICT_OBJC_MSGSEND = YES;
				GCC_C_LANGUAGE_STANDARD = gnu11;
				GCC_NO_COMMON_BLOCKS = YES;
				GCC_WARN_64_TO_32_BIT_CONVERSION = YES;
				GCC_WARN_ABOUT_RETURN_TYPE = YES_ERROR;
				GCC_WARN_UNDECLARED_SELECTOR = YES;
				GCC_WARN_UNINITIALIZED_AUTOS = YES_AGGRESSIVE;
				GCC_WARN_UNUSED_FUNCTION = YES;
				GCC_WARN_UNUSED_VARIABLE = YES;
				IPHONEOS_DEPLOYMENT_TARGET = 14.0;
				MTL_ENABLE_DEBUG_INFO = NO;
				MTL_FAST_MATH = YES;
				SDKROOT = iphoneos;
				SWIFT_COMPILATION_MODE = wholemodule;
				SWIFT_OPTIMIZATION_LEVEL = "-O";
				VALIDATE_PRODUCT = YES;
			};
			name = Release;
		};
		053EF5E8252881D000EFC561 /* Debug */ = {
			isa = XCBuildConfiguration;
			buildSettings = {
				ASSETCATALOG_COMPILER_APPICON_NAME = AppIcon;
				ASSETCATALOG_COMPILER_GLOBAL_ACCENT_COLOR_NAME = AccentColor;
				CODE_SIGN_STYLE = Automatic;
				DEVELOPMENT_TEAM = 927T9BPH2L;
				INFOPLIST_FILE = MVP/Resources/Info.plist;
				LD_RUNPATH_SEARCH_PATHS = (
					"$(inherited)",
					"@executable_path/Frameworks",
				);
				PRODUCT_BUNDLE_IDENTIFIER = com.ilya.slipak.MVP;
				PRODUCT_NAME = "$(TARGET_NAME)";
				SWIFT_VERSION = 5.0;
				TARGETED_DEVICE_FAMILY = 1;
			};
			name = Debug;
		};
		053EF5E9252881D000EFC561 /* Release */ = {
			isa = XCBuildConfiguration;
			buildSettings = {
				ASSETCATALOG_COMPILER_APPICON_NAME = AppIcon;
				ASSETCATALOG_COMPILER_GLOBAL_ACCENT_COLOR_NAME = AccentColor;
				CODE_SIGN_STYLE = Automatic;
				DEVELOPMENT_TEAM = 927T9BPH2L;
				INFOPLIST_FILE = MVP/Resources/Info.plist;
				LD_RUNPATH_SEARCH_PATHS = (
					"$(inherited)",
					"@executable_path/Frameworks",
				);
				PRODUCT_BUNDLE_IDENTIFIER = com.ilya.slipak.MVP;
				PRODUCT_NAME = "$(TARGET_NAME)";
				SWIFT_VERSION = 5.0;
				TARGETED_DEVICE_FAMILY = 1;
			};
			name = Release;
		};
/* End XCBuildConfiguration section */

/* Begin XCConfigurationList section */
		053EF5CE252881CD00EFC561 /* Build configuration list for PBXProject "MVP" */ = {
			isa = XCConfigurationList;
			buildConfigurations = (
				053EF5E5252881D000EFC561 /* Debug */,
				053EF5E6252881D000EFC561 /* Release */,
			);
			defaultConfigurationIsVisible = 0;
			defaultConfigurationName = Release;
		};
		053EF5E7252881D000EFC561 /* Build configuration list for PBXNativeTarget "MVP" */ = {
			isa = XCConfigurationList;
			buildConfigurations = (
				053EF5E8252881D000EFC561 /* Debug */,
				053EF5E9252881D000EFC561 /* Release */,
			);
			defaultConfigurationIsVisible = 0;
			defaultConfigurationName = Release;
		};
/* End XCConfigurationList section */
	};
	rootObject = 053EF5CB252881CD00EFC561 /* Project object */;
}
